// !$*UTF8*$!
{
	archiveVersion = 1;
	classes = {
	};
	objectVersion = 46;
	objects = {

/* Begin PBXBuildFile section */
		227DEEC81CFEAFCA00C34E29 /* AppDelegate.swift in Sources */ = {isa = PBXBuildFile; fileRef = 227DEEC71CFEAFCA00C34E29 /* AppDelegate.swift */; };
		227DEECD1CFEAFCA00C34E29 /* Main.storyboard in Resources */ = {isa = PBXBuildFile; fileRef = 227DEECB1CFEAFCA00C34E29 /* Main.storyboard */; };
		227DEECF1CFEAFCA00C34E29 /* Assets.xcassets in Resources */ = {isa = PBXBuildFile; fileRef = 227DEECE1CFEAFCA00C34E29 /* Assets.xcassets */; };
		227DEED21CFEAFCA00C34E29 /* LaunchScreen.storyboard in Resources */ = {isa = PBXBuildFile; fileRef = 227DEED01CFEAFCA00C34E29 /* LaunchScreen.storyboard */; };
		227DEEDA1D00AD7E00C34E29 /* ConversionViewController.swift in Sources */ = {isa = PBXBuildFile; fileRef = 227DEED91D00AD7E00C34E29 /* ConversionViewController.swift */; };
/* End PBXBuildFile section */

/* Begin PBXFileReference section */
		227DEEC41CFEAFCA00C34E29 /* WorldTrotter.app */ = {isa = PBXFileReference; explicitFileType = wrapper.application; includeInIndex = 0; path = WorldTrotter.app; sourceTree = BUILT_PRODUCTS_DIR; };
		227DEEC71CFEAFCA00C34E29 /* AppDelegate.swift */ = {isa = PBXFileReference; lastKnownFileType = sourcecode.swift; path = AppDelegate.swift; sourceTree = "<group>"; };
		227DEECC1CFEAFCA00C34E29 /* Base */ = {isa = PBXFileReference; lastKnownFileType = file.storyboard; name = Base; path = Base.lproj/Main.storyboard; sourceTree = "<group>"; };
		227DEECE1CFEAFCA00C34E29 /* Assets.xcassets */ = {isa = PBXFileReference; lastKnownFileType = folder.assetcatalog; path = Assets.xcassets; sourceTree = "<group>"; };
		227DEED11CFEAFCA00C34E29 /* Base */ = {isa = PBXFileReference; lastKnownFileType = file.storyboard; name = Base; path = Base.lproj/LaunchScreen.storyboard; sourceTree = "<group>"; };
		227DEED31CFEAFCA00C34E29 /* Info.plist */ = {isa = PBXFileReference; lastKnownFileType = text.plist.xml; path = Info.plist; sourceTree = "<group>"; };
		227DEED91D00AD7E00C34E29 /* ConversionViewController.swift */ = {isa = PBXFileReference; fileEncoding = 4; lastKnownFileType = sourcecode.swift; path = ConversionViewController.swift; sourceTree = "<group>"; };
/* End PBXFileReference section */

/* Begin PBXFrameworksBuildPhase section */
		227DEEC11CFEAFCA00C34E29 /* Frameworks */ = {
			isa = PBXFrameworksBuildPhase;
			buildActionMask = 2147483647;
			files = (
			);
			runOnlyForDeploymentPostprocessing = 0;
		};
/* End PBXFrameworksBuildPhase section */

/* Begin PBXGroup section */
		227DEEBB1CFEAFC900C34E29 = {
			isa = PBXGroup;
			children = (
				227DEEC61CFEAFCA00C34E29 /* WorldTrotter */,
				227DEEC51CFEAFCA00C34E29 /* Products */,
			);
			sourceTree = "<group>";
		};
		227DEEC51CFEAFCA00C34E29 /* Products */ = {
			isa = PBXGroup;
			children = (
				227DEEC41CFEAFCA00C34E29 /* WorldTrotter.app */,
			);
			name = Products;
			sourceTree = "<group>";
		};
		227DEEC61CFEAFCA00C34E29 /* WorldTrotter */ = {
			isa = PBXGroup;
			children = (
				227DEEC71CFEAFCA00C34E29 /* AppDelegate.swift */,
				227DEECB1CFEAFCA00C34E29 /* Main.storyboard */,
				227DEED91D00AD7E00C34E29 /* ConversionViewController.swift */,
				227DEECE1CFEAFCA00C34E29 /* Assets.xcassets */,
				227DEED01CFEAFCA00C34E29 /* LaunchScreen.storyboard */,
				227DEED31CFEAFCA00C34E29 /* Info.plist */,
			);
			path = WorldTrotter;
			sourceTree = "<group>";
		};
/* End PBXGroup section */

/* Begin PBXNativeTarget section */
		227DEEC31CFEAFCA00C34E29 /* WorldTrotter */ = {
			isa = PBXNativeTarget;
			buildConfigurationList = 227DEED61CFEAFCA00C34E29 /* Build configuration list for PBXNativeTarget "WorldTrotter" */;
			buildPhases = (
				227DEEC01CFEAFCA00C34E29 /* Sources */,
				227DEEC11CFEAFCA00C34E29 /* Frameworks */,
				227DEEC21CFEAFCA00C34E29 /* Resources */,
			);
			buildRules = (
			);
			dependencies = (
			);
			name = WorldTrotter;
			productName = WorldTrotter;
			productReference = 227DEEC41CFEAFCA00C34E29 /* WorldTrotter.app */;
			productType = "com.apple.product-type.application";
		};
/* End PBXNativeTarget section */

/* Begin PBXProject section */
		227DEEBC1CFEAFC900C34E29 /* Project object */ = {
			isa = PBXProject;
			attributes = {
				LastSwiftUpdateCheck = 0730;
				LastUpgradeCheck = 0730;
				ORGANIZATIONNAME = "Sriracha Sauce";
				TargetAttributes = {
					227DEEC31CFEAFCA00C34E29 = {
						CreatedOnToolsVersion = 7.3.1;
					};
				};
			};
			buildConfigurationList = 227DEEBF1CFEAFC900C34E29 /* Build configuration list for PBXProject "WorldTrotter" */;
			compatibilityVersion = "Xcode 3.2";
			developmentRegion = English;
			hasScannedForEncodings = 0;
			knownRegions = (
				en,
				Base,
			);
			mainGroup = 227DEEBB1CFEAFC900C34E29;
			productRefGroup = 227DEEC51CFEAFCA00C34E29 /* Products */;
			projectDirPath = "";
			projectRoot = "";
			targets = (
				227DEEC31CFEAFCA00C34E29 /* WorldTrotter */,
			);
		};
/* End PBXProject section */

/* Begin PBXResourcesBuildPhase section */
		227DEEC21CFEAFCA00C34E29 /* Resources */ = {
			isa = PBXResourcesBuildPhase;
			buildActionMask = 2147483647;
			files = (
				227DEED21CFEAFCA00C34E29 /* LaunchScreen.storyboard in Resources */,
				227DEECF1CFEAFCA00C34E29 /* Assets.xcassets in Resources */,
				227DEECD1CFEAFCA00C34E29 /* Main.storyboard in Resources */,
			);
			runOnlyForDeploymentPostprocessing = 0;
		};
/* End PBXResourcesBuildPhase section */

/* Begin PBXSourcesBuildPhase section */
		227DEEC01CFEAFCA00C34E29 /* Sources */ = {
			isa = PBXSourcesBuildPhase;
			buildActionMask = 2147483647;
			files = (
				227DEEDA1D00AD7E00C34E29 /* ConversionViewController.swift in Sources */,
				227DEEC81CFEAFCA00C34E29 /* AppDelegate.swift in Sources */,
			);
			runOnlyForDeploymentPostprocessing = 0;
		};
/* End PBXSourcesBuildPhase section */

/* Begin PBXVariantGroup section */
		227DEECB1CFEAFCA00C34E29 /* Main.storyboard */ = {
			isa = PBXVariantGroup;
			children = (
				227DEECC1CFEAFCA00C34E29 /* Base */,
			);
			name = Main.storyboard;
			sourceTree = "<group>";
		};
		227DEED01CFEAFCA00C34E29 /* LaunchScreen.storyboard */ = {
			isa = PBXVariantGroup;
			children = (
				227DEED11CFEAFCA00C34E29 /* Base */,
			);
			name = LaunchScreen.storyboard;
			sourceTree = "<group>";
		};
/* End PBXVariantGroup section */

/* Begin XCBuildConfiguration section */
		227DEED41CFEAFCA00C34E29 /* Debug */ = {
			isa = XCBuildConfiguration;
			buildSettings = {
				ALWAYS_SEARCH_USER_PATHS = NO;
				CLANG_ANALYZER_NONNULL = YES;
				CLANG_CXX_LANGUAGE_STANDARD = "gnu++0x";
				CLANG_CXX_LIBRARY = "libc++";
				CLANG_ENABLE_MODULES = YES;
				CLANG_ENABLE_OBJC_ARC = YES;
				CLANG_WARN_BOOL_CONVERSION = YES;
				CLANG_WARN_CONSTANT_CONVERSION = YES;
				CLANG_WARN_DIRECT_OBJC_ISA_USAGE = YES_ERROR;
				CLANG_WARN_EMPTY_BODY = YES;
				CLANG_WARN_ENUM_CONVERSION = YES;
				CLANG_WARN_INT_CONVERSION = YES;
				CLANG_WARN_OBJC_ROOT_CLASS = YES_ERROR;
				CLANG_WARN_UNREACHABLE_CODE = YES;
				CLANG_WARN__DUPLICATE_METHOD_MATCH = YES;
				"CODE_SIGN_IDENTITY[sdk=iphoneos*]" = "iPhone Developer";
				COPY_PHASE_STRIP = NO;
				DEBUG_INFORMATION_FORMAT = dwarf;
				ENABLE_STRICT_OBJC_MSGSEND = YES;
				ENABLE_TESTABILITY = YES;
				GCC_C_LANGUAGE_STANDARD = gnu99;
				GCC_DYNAMIC_NO_PIC = NO;
				GCC_NO_COMMON_BLOCKS = YES;
				GCC_OPTIMIZATION_LEVEL = 0;
				GCC_PREPROCESSOR_DEFINITIONS = (
					"DEBUG=1",
					"$(inherited)",
				);
				GCC_WARN_64_TO_32_BIT_CONVERSION = YES;
				GCC_WARN_ABOUT_RETURN_TYPE = YES_ERROR;
				GCC_WARN_UNDECLARED_SELECTOR = YES;
				GCC_WARN_UNINITIALIZED_AUTOS = YES_AGGRESSIVE;
				GCC_WARN_UNUSED_FUNCTION = YES;
				GCC_WARN_UNUSED_VARIABLE = YES;
				IPHONEOS_DEPLOYMENT_TARGET = 9.3;
				MTL_ENABLE_DEBUG_INFO = YES;
				ONLY_ACTIVE_ARCH = YES;
				SDKROOT = iphoneos;
				SWIFT_OPTIMIZATION_LEVEL = "-Onone";
			};
			name = Debug;
		};
		227DEED51CFEAFCA00C34E29 /* Release */ = {
			isa = XCBuildConfiguration;
			buildSettings = {
				ALWAYS_SEARCH_USER_PATHS = NO;
				CLANG_ANALYZER_NONNULL = YES;
				CLANG_CXX_LANGUAGE_STANDARD = "gnu++0x";
				CLANG_CXX_LIBRARY = "libc++";
				CLANG_ENABLE_MODULES = YES;
				CLANG_ENABLE_OBJC_ARC = YES;
				CLANG_WARN_BOOL_CONVERSION = YES;
				CLANG_WARN_CONSTANT_CONVERSION = YES;
				CLANG_WARN_DIRECT_OBJC_ISA_USAGE = YES_ERROR;
				CLANG_WARN_EMPTY_BODY = YES;
				CLANG_WARN_ENUM_CONVERSION = YES;
				CLANG_WARN_INT_CONVERSION = YES;
				CLANG_WARN_OBJC_ROOT_CLASS = YES_ERROR;
				CLANG_WARN_UNREACHABLE_CODE = YES;
				CLANG_WARN__DUPLICATE_METHOD_MATCH = YES;
				"CODE_SIGN_IDENTITY[sdk=iphoneos*]" = "iPhone Developer";
				COPY_PHASE_STRIP = NO;
				DEBUG_INFORMATION_FORMAT = "dwarf-with-dsym";
				ENABLE_NS_ASSERTIONS = NO;
				ENABLE_STRICT_OBJC_MSGSEND = YES;
				GCC_C_LANGUAGE_STANDARD = gnu99;
				GCC_NO_COMMON_BLOCKS = YES;
				GCC_WARN_64_TO_32_BIT_CONVERSION = YES;
				GCC_WARN_ABOUT_RETURN_TYPE = YES_ERROR;
				GCC_WARN_UNDECLARED_SELECTOR = YES;
				GCC_WARN_UNINITIALIZED_AUTOS = YES_AGGRESSIVE;
				GCC_WARN_UNUSED_FUNCTION = YES;
				GCC_WARN_UNUSED_VARIABLE = YES;
				IPHONEOS_DEPLOYMENT_TARGET = 9.3;
				MTL_ENABLE_DEBUG_INFO = NO;
				SDKROOT = iphoneos;
				VALIDATE_PRODUCT = YES;
			};
			name = Release;
		};
		227DEED71CFEAFCA00C34E29 /* Debug */ = {
			isa = XCBuildConfiguration;
			buildSettings = {
				ASSETCATALOG_COMPILER_APPICON_NAME = AppIcon;
				INFOPLIST_FILE = WorldTrotter/Info.plist;
				LD_RUNPATH_SEARCH_PATHS = "$(inherited) @executable_path/Frameworks";
				PRODUCT_BUNDLE_IDENTIFIER = com.SrirachaSauce.WorldTrotter;
				PRODUCT_NAME = "$(TARGET_NAME)";
			};
			name = Debug;
		};
		227DEED81CFEAFCA00C34E29 /* Release */ = {
			isa = XCBuildConfiguration;
			buildSettings = {
				ASSETCATALOG_COMPILER_APPICON_NAME = AppIcon;
				INFOPLIST_FILE = WorldTrotter/Info.plist;
				LD_RUNPATH_SEARCH_PATHS = "$(inherited) @executable_path/Frameworks";
				PRODUCT_BUNDLE_IDENTIFIER = com.SrirachaSauce.WorldTrotter;
				PRODUCT_NAME = "$(TARGET_NAME)";
			};
			name = Release;
		};
/* End XCBuildConfiguration section */

/* Begin XCConfigurationList section */
		227DEEBF1CFEAFC900C34E29 /* Build configuration list for PBXProject "WorldTrotter" */ = {
			isa = XCConfigurationList;
			buildConfigurations = (
				227DEED41CFEAFCA00C34E29 /* Debug */,
				227DEED51CFEAFCA00C34E29 /* Release */,
			);
			defaultConfigurationIsVisible = 0;
			defaultConfigurationName = Release;
		};
		227DEED61CFEAFCA00C34E29 /* Build configuration list for PBXNativeTarget "WorldTrotter" */ = {
			isa = XCConfigurationList;
			buildConfigurations = (
				227DEED71CFEAFCA00C34E29 /* Debug */,
				227DEED81CFEAFCA00C34E29 /* Release */,
			);
			defaultConfigurationIsVisible = 0;
			defaultConfigurationName = Release;
		};
/* End XCConfigurationList section */
	};
	rootObject = 227DEEBC1CFEAFC900C34E29 /* Project object */;
}
